version = 1
revision = 3
requires-python = ">=3.12"
resolution-markers = [
    "platform_machine == 'x86_64' and sys_platform == 'linux'",
    "platform_machine == 'i686' and sys_platform == 'linux'",
    "platform_machine == 'aarch64' and sys_platform == 'linux'",
    "platform_machine == 'armv7l' and sys_platform == 'linux'",
    "platform_machine == 'ppc64le' and sys_platform == 'linux'",
    "platform_machine == 's390x' and sys_platform == 'linux'",
    "(platform_machine != 'aarch64' and platform_machine != 'armv7l' and platform_machine != 'i686' and platform_machine != 'ppc64le' and platform_machine != 's390x' and platform_machine != 'x86_64') or sys_platform != 'linux'",
]

[[package]]
name = "cabarchive"
version = "0.2.4"
source = { registry = "https://pypi.org/simple" }
sdist = { url = "https://files.pythonhosted.org/packages/28/d3/a544aed878edc269ce4427bc937310b73624e1d595de7f4e5bcab413a639/cabarchive-0.2.4.tar.gz", hash = "sha256:04f60089473114cf26eab2b7e1d09611c5bfaf8edd3202dacef66bb5c71e48cf", size = 21064, upload-time = "2022-02-23T09:28:10.911Z" }
wheels = [
    { url = "https://files.pythonhosted.org/packages/0f/fb/713421f46c68f4bf9cd26f05bda0c233446108997b6b4d83d7ef07f20009/cabarchive-0.2.4-py3-none-any.whl", hash = "sha256:4afabd224eb2e40af8e907379fb8eec6b0adfb71c2aef4457ec3a4d77383c059", size = 25729, upload-time = "2022-02-23T09:28:09.571Z" },
]

[[package]]
name = "cx-freeze"
version = "8.4.1"
source = { registry = "https://pypi.org/simple" }
dependencies = [
    { name = "cabarchive", marker = "sys_platform == 'win32'" },
    { name = "cx-logging", marker = "platform_machine != 'ARM64' and sys_platform == 'win32'" },
    { name = "dmgbuild", marker = "sys_platform == 'darwin'" },
    { name = "filelock" },
    { name = "lief", marker = "sys_platform == 'win32'" },
    { name = "packaging" },
    { name = "patchelf", marker = "(platform_machine == 'aarch64' and sys_platform == 'linux') or (platform_machine == 'armv7l' and sys_platform == 'linux') or (platform_machine == 'i686' and sys_platform == 'linux') or (platform_machine == 'ppc64le' and sys_platform == 'linux') or (platform_machine == 's390x' and sys_platform == 'linux') or (platform_machine == 'x86_64' and sys_platform == 'linux')" },
    { name = "setuptools" },
    { name = "striprtf", marker = "sys_platform == 'win32'" },
]
sdist = { url = "https://files.pythonhosted.org/packages/a5/db/164245effccdcbd3455056e1b1490dd5dced31fea8ecf12c75da9ad63092/cx_freeze-8.4.1.tar.gz", hash = "sha256:d36e804d393aea1b4ad28cff0d8b8a562cc25ea462f06bcf6b265edbc02eecfb", size = 2997091, upload-time = "2025-09-20T04:04:39.412Z" }
wheels = [
    { url = "https://files.pythonhosted.org/packages/a7/4d/aaac31d8bdf32d30fcd46f8fa28faf9256de49c55273622d934592e978ef/cx_freeze-8.4.1-cp312-cp312-macosx_10_13_universal2.whl", hash = "sha256:833d65ce0bf5e81e3592465dfd7cce2a64b880be7e536933c7e25cd946a27a7d", size = 21894746, upload-time = "2025-09-20T04:03:54.077Z" },
    { url = "https://files.pythonhosted.org/packages/97/ec/c4104fdbb31068bb1e393e5309dddcc393ed0b229def35455e971df82f1f/cx_freeze-8.4.1-cp312-cp312-manylinux2014_aarch64.manylinux_2_17_aarch64.whl", hash = "sha256:c9533d4d5362bf2d9705bed990e9b4bafcff3709373bce480ab974a7ea537832", size = 15585789, upload-time = "2025-09-20T04:03:57.154Z" },
    { url = "https://files.pythonhosted.org/packages/31/41/dd23fa9c93c0735a2a4913b12743e6000760eb74d3274c6891ccf9d8313b/cx_freeze-8.4.1-cp312-cp312-manylinux2014_ppc64le.manylinux_2_17_ppc64le.whl", hash = "sha256:207c0387e69e81a37b507b3f67dad7833b161f13a735016e5bcee939d9eac09f", size = 16685878, upload-time = "2025-09-20T04:03:59.828Z" },
    { url = "https://files.pythonhosted.org/packages/5f/1b/b1d21ade5d186f136a6a62a8ba149eb283932839efc95d577338f002cb15/cx_freeze-8.4.1-cp312-cp312-manylinux2014_x86_64.manylinux_2_17_x86_64.whl", hash = "sha256:7bd56d481185109d88bbac31762446402b161f349e443236ca04a4eef9a78f94", size = 15259375, upload-time = "2025-09-20T04:04:02.318Z" },
    { url = "https://files.pythonhosted.org/packages/ed/d1/5a77a842b9cc6e2da3ed8ba5807de0866f3341f411c3b6a51b75a4f84b2a/cx_freeze-8.4.1-cp312-cp312-win32.whl", hash = "sha256:dcd573e02900c0e2baded27d3b4b08cc1edaa0aa30ccd96150d3a5e4cfa6b84e", size = 2248626, upload-time = "2025-09-20T04:04:04.602Z" },
    { url = "https://files.pythonhosted.org/packages/22/96/f4e2d5de8dfbeab97fc9560d9dfcd73b2a8a1c59ba84285c28970cad4fa6/cx_freeze-8.4.1-cp312-cp312-win_amd64.whl", hash = "sha256:a01d798e4c8d14764824c38ca9c6b757eb34332d4f572173be32d9545658bd90", size = 2253488, upload-time = "2025-09-20T04:04:06.395Z" },
    { url = "https://files.pythonhosted.org/packages/b2/83/554f4ee846133bcb3882d648ba0b309522bd2f8aef5959b4805758a3e21e/cx_freeze-8.4.1-cp312-cp312-win_arm64.whl", hash = "sha256:6dc1c326cce8c7d0f423e11ffe70516ac132af54a02ea024a0a04142ca97c11b", size = 2242830, upload-time = "2025-09-20T04:04:07.901Z" },
    { url = "https://files.pythonhosted.org/packages/6f/5b/a99fd8cf7751f0990732b5352b6d1122451f27f08b5ff4aeb3b0c07261a4/cx_freeze-8.4.1-cp313-cp313-macosx_10_13_universal2.whl", hash = "sha256:8729d63e0b26fa3e2d13c495a743fb3bb06d27da75859cad7474abcc86a57e57", size = 21293207, upload-time = "2025-09-20T04:04:09.962Z" },
    { url = "https://files.pythonhosted.org/packages/16/fd/d43d0f2773f5f6caa300d37d08507848b0bf8ed4deaea9c689c8b2e1e482/cx_freeze-8.4.1-cp313-cp313-manylinux2014_aarch64.manylinux_2_17_aarch64.whl", hash = "sha256:f1004e2ca16ce62d6cba15b6e60bd50c815547c68f5825af9c737a634d2768f7", size = 13594203, upload-time = "2025-09-20T04:04:12.308Z" },
    { url = "https://files.pythonhosted.org/packages/ee/5c/549786e33f8001ae4bf5b74d37830f1cc5eec3136e019d3b6467f7cccef1/cx_freeze-8.4.1-cp313-cp313-manylinux2014_x86_64.manylinux_2_17_x86_64.whl", hash = "sha256:9526a929ae48d08db486cf596034f889fec2991e25259f5111b2f13ec82e47f8", size = 13248928, upload-time = "2025-09-20T04:04:15.157Z" },
    { url = "https://files.pythonhosted.org/packages/29/2c/65f5ef3a502e2dc85ff26baf78010c9f55d60bdb85e0d521a648f5a15418/cx_freeze-8.4.1-cp313-cp313-win32.whl", hash = "sha256:d5846ca0ecb7800f7f65348b724d3b92057e85856f2cfb3eb1394810cce22e33", size = 2247246, upload-time = "2025-09-20T04:04:17.039Z" },
    { url = "https://files.pythonhosted.org/packages/8c/12/29536384ff35a67ca7870627dd2f2ee52bb50451946176bf2c3df6e8324e/cx_freeze-8.4.1-cp313-cp313-win_amd64.whl", hash = "sha256:61b713ffaba55e7149b03bf5bae7fa1219a4c44a90d1576d91daca66580dc7cc", size = 2251561, upload-time = "2025-09-20T04:04:18.682Z" },
    { url = "https://files.pythonhosted.org/packages/37/81/6a90d1675396ab9e36f2848964ec468c7b928ce7fe4da901c31e0bb57d4c/cx_freeze-8.4.1-cp313-cp313-win_arm64.whl", hash = "sha256:7296c3ab54f52ced3196ec926710d8acd6fbd2a1bef058ea98f774dcde80fe9b", size = 2242313, upload-time = "2025-09-20T04:04:20.425Z" },
    { url = "https://files.pythonhosted.org/packages/86/1d/08c4682395713ed1f798cb038ddb14b25bc8f9740d7d60e26c805f9055dd/cx_freeze-8.4.1-cp313-cp313t-macosx_10_13_universal2.whl", hash = "sha256:e9d8f9b580b03c265a54151419f9e78d18b68c0b97ebbb7213c55fae0dc8e900", size = 21119935, upload-time = "2025-09-20T04:04:22.311Z" },
    { url = "https://files.pythonhosted.org/packages/46/48/e5423c5e96ebadd0d18fefd7a863335eab7e653eab82a29557e5b04ebbbc/cx_freeze-8.4.1-cp313-cp313t-manylinux2014_aarch64.manylinux_2_17_aarch64.whl", hash = "sha256:55bafacaf920b3df9e77f15b239e8969daecdddeda84f38a83eebbbe3d5e56c9", size = 13809826, upload-time = "2025-09-20T04:04:24.432Z" },
    { url = "https://files.pythonhosted.org/packages/f9/33/7106d5ef81934f12a9654397ac329608c9013cae134289b2c7a51b80bda7/cx_freeze-8.4.1-cp313-cp313t-manylinux2014_ppc64le.manylinux_2_17_ppc64le.whl", hash = "sha256:23c965af3671ff182fe83218b7bd38baa03a2d2433227bd75b7a66ea5e8048df", size = 14634424, upload-time = "2025-09-20T04:04:26.645Z" },
    { url = "https://files.pythonhosted.org/packages/57/a1/b4499bb3c1e27ed96d18eda1afcd591cf57d0e88b5e41af2f927451e9564/cx_freeze-8.4.1-cp313-cp313t-manylinux2014_x86_64.manylinux_2_17_x86_64.whl", hash = "sha256:36e47446c2aec78aa915fb7df2265c97ec0b3b3ee62321bbade97d065637b6ea", size = 13426931, upload-time = "2025-09-20T04:04:28.733Z" },
]

[[package]]
name = "cx-logging"
version = "3.2.1"
source = { registry = "https://pypi.org/simple" }
sdist = { url = "https://files.pythonhosted.org/packages/9d/69/50b0c38e26658072b0221f1ea243c47dd56a9f3f50e5754aa5a39189145c/cx_logging-3.2.1.tar.gz", hash = "sha256:812665ae5012680a6fe47095c3772bce638e47cf05b2c3483db3bdbe6b06da44", size = 26966, upload-time = "2024-10-13T03:13:10.561Z" }
wheels = [
    { url = "https://files.pythonhosted.org/packages/b1/9b/d8babcfafa7233b862b310a6fe630fc5e6ced02453ca4e60b0c819afbaff/cx_Logging-3.2.1-cp312-cp312-win32.whl", hash = "sha256:3f3de06cf09d5986b39e930c213567c340b3237dfce03d8d3bf6099475eaa02e", size = 22869, upload-time = "2024-10-13T03:13:28.258Z" },
    { url = "https://files.pythonhosted.org/packages/5c/52/b6bd4f4d51eb4f3523da182cdf5969a560e35f4ef178f34841ba6795addc/cx_Logging-3.2.1-cp312-cp312-win_amd64.whl", hash = "sha256:3452add0544db6ff29116b72a4c48761aaffa9b638728330433853c0c4ad2ea1", size = 26911, upload-time = "2024-10-13T03:13:29.521Z" },
    { url = "https://files.pythonhosted.org/packages/e1/78/0ce28b89aedf369b02bb5cb763324e799844144386fba75c03128ea9e2ff/cx_Logging-3.2.1-cp313-cp313-win32.whl", hash = "sha256:330a29030bdca8795c99b678b4f6d87a75fb606eed1da206fdd9fa579a33dc21", size = 22874, upload-time = "2024-10-13T03:13:32.99Z" },
    { url = "https://files.pythonhosted.org/packages/cb/23/dab5f561888951ec02843f087f34a59c791e8ac6423c25a412eb49300633/cx_Logging-3.2.1-cp313-cp313-win_amd64.whl", hash = "sha256:e14748b031522a95aa2db4adfc5f2be5f96f4d0fe687da591114f73a09e66926", size = 26916, upload-time = "2024-10-13T03:13:34.085Z" },
]

[[package]]
name = "dmgbuild"
version = "1.6.5"
source = { registry = "https://pypi.org/simple" }
dependencies = [
    { name = "ds-store", marker = "(platform_machine != 'aarch64' and platform_machine != 'armv7l' and platform_machine != 'i686' and platform_machine != 'ppc64le' and platform_machine != 's390x' and platform_machine != 'x86_64') or sys_platform != 'linux'" },
    { name = "mac-alias", marker = "(platform_machine != 'aarch64' and platform_machine != 'armv7l' and platform_machine != 'i686' and platform_machine != 'ppc64le' and platform_machine != 's390x' and platform_machine != 'x86_64') or sys_platform != 'linux'" },
]
sdist = { url = "https://files.pythonhosted.org/packages/16/93/b9702c68d5dedfd6b91c76268a89091ff681b8e3b9a026e7919b6ab730a4/dmgbuild-1.6.5.tar.gz", hash = "sha256:c5cbeec574bad84a324348aa7c36d4aada04568c99fb104dec18d22ba3259f45", size = 36848, upload-time = "2025-03-21T01:04:10.093Z" }
wheels = [
    { url = "https://files.pythonhosted.org/packages/48/4a/b16f1081f69592c6dba92baa4d3ca7a5685091a0f840f4b5e01be41aaf84/dmgbuild-1.6.5-py3-none-any.whl", hash = "sha256:e19ab8c5e8238e6455d9ccb9175817be7fd62b9cdd1eef20f63dd88e0ec469ab", size = 34906, upload-time = "2025-03-21T01:04:08.044Z" },
]

[[package]]
name = "ds-store"
version = "1.3.1"
source = { registry = "https://pypi.org/simple" }
dependencies = [
    { name = "mac-alias", marker = "(platform_machine != 'aarch64' and platform_machine != 'armv7l' and platform_machine != 'i686' and platform_machine != 'ppc64le' and platform_machine != 's390x' and platform_machine != 'x86_64') or sys_platform != 'linux'" },
]
sdist = { url = "https://files.pythonhosted.org/packages/7c/36/902259bf7ddb142dd91cf7a9794aa15e1a8ab985974f90375e5d3463b441/ds_store-1.3.1.tar.gz", hash = "sha256:c27d413caf13c19acb85d75da4752673f1f38267f9eb6ba81b3b5aa99c2d207c", size = 27052, upload-time = "2022-11-24T06:13:34.376Z" }
wheels = [
    { url = "https://files.pythonhosted.org/packages/47/bf/b1c10362a0d670ee8ae086d92c3ab795fca2a927e4ff25e7cd15224d3863/ds_store-1.3.1-py3-none-any.whl", hash = "sha256:fbacbb0bd5193ab3e66e5a47fff63619f15e374ffbec8ae29744251a6c8f05b5", size = 16268, upload-time = "2022-11-24T06:13:30.797Z" },
]

[[package]]
name = "filelock"
version = "3.20.0"
source = { registry = "https://pypi.org/simple" }
sdist = { url = "https://files.pythonhosted.org/packages/58/46/0028a82567109b5ef6e4d2a1f04a583fb513e6cf9527fcdd09afd817deeb/filelock-3.20.0.tar.gz", hash = "sha256:711e943b4ec6be42e1d4e6690b48dc175c822967466bb31c0c293f34334c13f4", size = 18922, upload-time = "2025-10-08T18:03:50.056Z" }
wheels = [
    { url = "https://files.pythonhosted.org/packages/76/91/7216b27286936c16f5b4d0c530087e4a54eead683e6b0b73dd0c64844af6/filelock-3.20.0-py3-none-any.whl", hash = "sha256:339b4732ffda5cd79b13f4e2711a31b0365ce445d95d243bb996273d072546a2", size = 16054, upload-time = "2025-10-08T18:03:48.35Z" },
]

[[package]]
name = "fire"
version = "0.7.1"
source = { registry = "https://pypi.org/simple" }
dependencies = [
    { name = "termcolor" },
]
sdist = { url = "https://files.pythonhosted.org/packages/c0/00/f8d10588d2019d6d6452653def1ee807353b21983db48550318424b5ff18/fire-0.7.1.tar.gz", hash = "sha256:3b208f05c736de98fb343310d090dcc4d8c78b2a89ea4f32b837c586270a9cbf", size = 88720, upload-time = "2025-08-16T20:20:24.175Z" }
wheels = [
    { url = "https://files.pythonhosted.org/packages/e5/4c/93d0f85318da65923e4b91c1c2ff03d8a458cbefebe3bc612a6693c7906d/fire-0.7.1-py3-none-any.whl", hash = "sha256:e43fd8a5033a9001e7e2973bab96070694b9f12f2e0ecf96d4683971b5ab1882", size = 115945, upload-time = "2025-08-16T20:20:22.87Z" },
]

[[package]]
name = "grpcio"
version = "1.76.0"
source = { registry = "https://pypi.org/simple" }
dependencies = [
    { name = "typing-extensions" },
]
sdist = { url = "https://files.pythonhosted.org/packages/b6/e0/318c1ce3ae5a17894d5791e87aea147587c9e702f24122cc7a5c8bbaeeb1/grpcio-1.76.0.tar.gz", hash = "sha256:7be78388d6da1a25c0d5ec506523db58b18be22d9c37d8d3a32c08be4987bd73", size = 12785182, upload-time = "2025-10-21T16:23:12.106Z" }
wheels = [
    { url = "https://files.pythonhosted.org/packages/bf/05/8e29121994b8d959ffa0afd28996d452f291b48cfc0875619de0bde2c50c/grpcio-1.76.0-cp312-cp312-linux_armv7l.whl", hash = "sha256:81fd9652b37b36f16138611c7e884eb82e0cec137c40d3ef7c3f9b3ed00f6ed8", size = 5799718, upload-time = "2025-10-21T16:21:17.939Z" },
    { url = "https://files.pythonhosted.org/packages/d9/75/11d0e66b3cdf998c996489581bdad8900db79ebd83513e45c19548f1cba4/grpcio-1.76.0-cp312-cp312-macosx_11_0_universal2.whl", hash = "sha256:04bbe1bfe3a68bbfd4e52402ab7d4eb59d72d02647ae2042204326cf4bbad280", size = 11825627, upload-time = "2025-10-21T16:21:20.466Z" },
    { url = "https://files.pythonhosted.org/packages/28/50/2f0aa0498bc188048f5d9504dcc5c2c24f2eb1a9337cd0fa09a61a2e75f0/grpcio-1.76.0-cp312-cp312-manylinux2014_aarch64.manylinux_2_17_aarch64.whl", hash = "sha256:d388087771c837cdb6515539f43b9d4bf0b0f23593a24054ac16f7a960be16f4", size = 6359167, upload-time = "2025-10-21T16:21:23.122Z" },
    { url = "https://files.pythonhosted.org/packages/66/e5/bbf0bb97d29ede1d59d6588af40018cfc345b17ce979b7b45424628dc8bb/grpcio-1.76.0-cp312-cp312-manylinux2014_i686.manylinux_2_17_i686.whl", hash = "sha256:9f8f757bebaaea112c00dba718fc0d3260052ce714e25804a03f93f5d1c6cc11", size = 7044267, upload-time = "2025-10-21T16:21:25.995Z" },
    { url = "https://files.pythonhosted.org/packages/f5/86/f6ec2164f743d9609691115ae8ece098c76b894ebe4f7c94a655c6b03e98/grpcio-1.76.0-cp312-cp312-manylinux2014_x86_64.manylinux_2_17_x86_64.whl", hash = "sha256:980a846182ce88c4f2f7e2c22c56aefd515daeb36149d1c897f83cf57999e0b6", size = 6573963, upload-time = "2025-10-21T16:21:28.631Z" },
    { url = "https://files.pythonhosted.org/packages/60/bc/8d9d0d8505feccfdf38a766d262c71e73639c165b311c9457208b56d92ae/grpcio-1.76.0-cp312-cp312-musllinux_1_2_aarch64.whl", hash = "sha256:f92f88e6c033db65a5ae3d97905c8fea9c725b63e28d5a75cb73b49bda5024d8", size = 7164484, upload-time = "2025-10-21T16:21:30.837Z" },
    { url = "https://files.pythonhosted.org/packages/67/e6/5d6c2fc10b95edf6df9b8f19cf10a34263b7fd48493936fffd5085521292/grpcio-1.76.0-cp312-cp312-musllinux_1_2_i686.whl", hash = "sha256:4baf3cbe2f0be3289eb68ac8ae771156971848bb8aaff60bad42005539431980", size = 8127777, upload-time = "2025-10-21T16:21:33.577Z" },
    { url = "https://files.pythonhosted.org/packages/3f/c8/dce8ff21c86abe025efe304d9e31fdb0deaaa3b502b6a78141080f206da0/grpcio-1.76.0-cp312-cp312-musllinux_1_2_x86_64.whl", hash = "sha256:615ba64c208aaceb5ec83bfdce7728b80bfeb8be97562944836a7a0a9647d882", size = 7594014, upload-time = "2025-10-21T16:21:41.882Z" },
    { url = "https://files.pythonhosted.org/packages/e0/42/ad28191ebf983a5d0ecef90bab66baa5a6b18f2bfdef9d0a63b1973d9f75/grpcio-1.76.0-cp312-cp312-win32.whl", hash = "sha256:45d59a649a82df5718fd9527ce775fd66d1af35e6d31abdcdc906a49c6822958", size = 3984750, upload-time = "2025-10-21T16:21:44.006Z" },
    { url = "https://files.pythonhosted.org/packages/9e/00/7bd478cbb851c04a48baccaa49b75abaa8e4122f7d86da797500cccdd771/grpcio-1.76.0-cp312-cp312-win_amd64.whl", hash = "sha256:c088e7a90b6017307f423efbb9d1ba97a22aa2170876223f9709e9d1de0b5347", size = 4704003, upload-time = "2025-10-21T16:21:46.244Z" },
    { url = "https://files.pythonhosted.org/packages/fc/ed/71467ab770effc9e8cef5f2e7388beb2be26ed642d567697bb103a790c72/grpcio-1.76.0-cp313-cp313-linux_armv7l.whl", hash = "sha256:26ef06c73eb53267c2b319f43e6634c7556ea37672029241a056629af27c10e2", size = 5807716, upload-time = "2025-10-21T16:21:48.475Z" },
    { url = "https://files.pythonhosted.org/packages/2c/85/c6ed56f9817fab03fa8a111ca91469941fb514e3e3ce6d793cb8f1e1347b/grpcio-1.76.0-cp313-cp313-macosx_11_0_universal2.whl", hash = "sha256:45e0111e73f43f735d70786557dc38141185072d7ff8dc1829d6a77ac1471468", size = 11821522, upload-time = "2025-10-21T16:21:51.142Z" },
    { url = "https://files.pythonhosted.org/packages/ac/31/2b8a235ab40c39cbc141ef647f8a6eb7b0028f023015a4842933bc0d6831/grpcio-1.76.0-cp313-cp313-manylinux2014_aarch64.manylinux_2_17_aarch64.whl", hash = "sha256:83d57312a58dcfe2a3a0f9d1389b299438909a02db60e2f2ea2ae2d8034909d3", size = 6362558, upload-time = "2025-10-21T16:21:54.213Z" },
    { url = "https://files.pythonhosted.org/packages/bd/64/9784eab483358e08847498ee56faf8ff6ea8e0a4592568d9f68edc97e9e9/grpcio-1.76.0-cp313-cp313-manylinux2014_i686.manylinux_2_17_i686.whl", hash = "sha256:3e2a27c89eb9ac3d81ec8835e12414d73536c6e620355d65102503064a4ed6eb", size = 7049990, upload-time = "2025-10-21T16:21:56.476Z" },
    { url = "https://files.pythonhosted.org/packages/2b/94/8c12319a6369434e7a184b987e8e9f3b49a114c489b8315f029e24de4837/grpcio-1.76.0-cp313-cp313-manylinux2014_x86_64.manylinux_2_17_x86_64.whl", hash = "sha256:61f69297cba3950a524f61c7c8ee12e55c486cb5f7db47ff9dcee33da6f0d3ae", size = 6575387, upload-time = "2025-10-21T16:21:59.051Z" },
    { url = "https://files.pythonhosted.org/packages/15/0f/f12c32b03f731f4a6242f771f63039df182c8b8e2cf8075b245b409259d4/grpcio-1.76.0-cp313-cp313-musllinux_1_2_aarch64.whl", hash = "sha256:6a15c17af8839b6801d554263c546c69c4d7718ad4321e3166175b37eaacca77", size = 7166668, upload-time = "2025-10-21T16:22:02.049Z" },
    { url = "https://files.pythonhosted.org/packages/ff/2d/3ec9ce0c2b1d92dd59d1c3264aaec9f0f7c817d6e8ac683b97198a36ed5a/grpcio-1.76.0-cp313-cp313-musllinux_1_2_i686.whl", hash = "sha256:25a18e9810fbc7e7f03ec2516addc116a957f8cbb8cbc95ccc80faa072743d03", size = 8124928, upload-time = "2025-10-21T16:22:04.984Z" },
    { url = "https://files.pythonhosted.org/packages/1a/74/fd3317be5672f4856bcdd1a9e7b5e17554692d3db9a3b273879dc02d657d/grpcio-1.76.0-cp313-cp313-musllinux_1_2_x86_64.whl", hash = "sha256:931091142fd8cc14edccc0845a79248bc155425eee9a98b2db2ea4f00a235a42", size = 7589983, upload-time = "2025-10-21T16:22:07.881Z" },
    { url = "https://files.pythonhosted.org/packages/45/bb/ca038cf420f405971f19821c8c15bcbc875505f6ffadafe9ffd77871dc4c/grpcio-1.76.0-cp313-cp313-win32.whl", hash = "sha256:5e8571632780e08526f118f74170ad8d50fb0a48c23a746bef2a6ebade3abd6f", size = 3984727, upload-time = "2025-10-21T16:22:10.032Z" },
    { url = "https://files.pythonhosted.org/packages/41/80/84087dc56437ced7cdd4b13d7875e7439a52a261e3ab4e06488ba6173b0a/grpcio-1.76.0-cp313-cp313-win_amd64.whl", hash = "sha256:f9f7bd5faab55f47231ad8dba7787866b69f5e93bc306e3915606779bbfb4ba8", size = 4702799, upload-time = "2025-10-21T16:22:12.709Z" },
    { url = "https://files.pythonhosted.org/packages/b4/46/39adac80de49d678e6e073b70204091e76631e03e94928b9ea4ecf0f6e0e/grpcio-1.76.0-cp314-cp314-linux_armv7l.whl", hash = "sha256:ff8a59ea85a1f2191a0ffcc61298c571bc566332f82e5f5be1b83c9d8e668a62", size = 5808417, upload-time = "2025-10-21T16:22:15.02Z" },
    { url = "https://files.pythonhosted.org/packages/9c/f5/a4531f7fb8b4e2a60b94e39d5d924469b7a6988176b3422487be61fe2998/grpcio-1.76.0-cp314-cp314-macosx_11_0_universal2.whl", hash = "sha256:06c3d6b076e7b593905d04fdba6a0525711b3466f43b3400266f04ff735de0cd", size = 11828219, upload-time = "2025-10-21T16:22:17.954Z" },
    { url = "https://files.pythonhosted.org/packages/4b/1c/de55d868ed7a8bd6acc6b1d6ddc4aa36d07a9f31d33c912c804adb1b971b/grpcio-1.76.0-cp314-cp314-manylinux2014_aarch64.manylinux_2_17_aarch64.whl", hash = "sha256:fd5ef5932f6475c436c4a55e4336ebbe47bd3272be04964a03d316bbf4afbcbc", size = 6367826, upload-time = "2025-10-21T16:22:20.721Z" },
    { url = "https://files.pythonhosted.org/packages/59/64/99e44c02b5adb0ad13ab3adc89cb33cb54bfa90c74770f2607eea629b86f/grpcio-1.76.0-cp314-cp314-manylinux2014_i686.manylinux_2_17_i686.whl", hash = "sha256:b331680e46239e090f5b3cead313cc772f6caa7d0fc8de349337563125361a4a", size = 7049550, upload-time = "2025-10-21T16:22:23.637Z" },
    { url = "https://files.pythonhosted.org/packages/43/28/40a5be3f9a86949b83e7d6a2ad6011d993cbe9b6bd27bea881f61c7788b6/grpcio-1.76.0-cp314-cp314-manylinux2014_x86_64.manylinux_2_17_x86_64.whl", hash = "sha256:2229ae655ec4e8999599469559e97630185fdd53ae1e8997d147b7c9b2b72cba", size = 6575564, upload-time = "2025-10-21T16:22:26.016Z" },
    { url = "https://files.pythonhosted.org/packages/4b/a9/1be18e6055b64467440208a8559afac243c66a8b904213af6f392dc2212f/grpcio-1.76.0-cp314-cp314-musllinux_1_2_aarch64.whl", hash = "sha256:490fa6d203992c47c7b9e4a9d39003a0c2bcc1c9aa3c058730884bbbb0ee9f09", size = 7176236, upload-time = "2025-10-21T16:22:28.362Z" },
    { url = "https://files.pythonhosted.org/packages/0f/55/dba05d3fcc151ce6e81327541d2cc8394f442f6b350fead67401661bf041/grpcio-1.76.0-cp314-cp314-musllinux_1_2_i686.whl", hash = "sha256:479496325ce554792dba6548fae3df31a72cef7bad71ca2e12b0e58f9b336bfc", size = 8125795, upload-time = "2025-10-21T16:22:31.075Z" },
    { url = "https://files.pythonhosted.org/packages/4a/45/122df922d05655f63930cf42c9e3f72ba20aadb26c100ee105cad4ce4257/grpcio-1.76.0-cp314-cp314-musllinux_1_2_x86_64.whl", hash = "sha256:1c9b93f79f48b03ada57ea24725d83a30284a012ec27eab2cf7e50a550cbbbcc", size = 7592214, upload-time = "2025-10-21T16:22:33.831Z" },
    { url = "https://files.pythonhosted.org/packages/4a/6e/0b899b7f6b66e5af39e377055fb4a6675c9ee28431df5708139df2e93233/grpcio-1.76.0-cp314-cp314-win32.whl", hash = "sha256:747fa73efa9b8b1488a95d0ba1039c8e2dca0f741612d80415b1e1c560febf4e", size = 4062961, upload-time = "2025-10-21T16:22:36.468Z" },
    { url = "https://files.pythonhosted.org/packages/19/41/0b430b01a2eb38ee887f88c1f07644a1df8e289353b78e82b37ef988fb64/grpcio-1.76.0-cp314-cp314-win_amd64.whl", hash = "sha256:922fa70ba549fce362d2e2871ab542082d66e2aaf0c19480ea453905b01f384e", size = 4834462, upload-time = "2025-10-21T16:22:39.772Z" },
]

[[package]]
name = "grpcio-tools"
version = "1.76.0"
source = { registry = "https://pypi.org/simple" }
dependencies = [
    { name = "grpcio" },
    { name = "protobuf" },
    { name = "setuptools" },
]
sdist = { url = "https://files.pythonhosted.org/packages/a0/77/17d60d636ccd86a0db0eccc24d02967bbc3eea86b9db7324b04507ebaa40/grpcio_tools-1.76.0.tar.gz", hash = "sha256:ce80169b5e6adf3e8302f3ebb6cb0c3a9f08089133abca4b76ad67f751f5ad88", size = 5390807, upload-time = "2025-10-21T16:26:55.416Z" }
wheels = [
    { url = "https://files.pythonhosted.org/packages/4f/ca/a931c1439cabfe305c9afd07e233150cd0565aa062c20d1ee412ed188852/grpcio_tools-1.76.0-cp312-cp312-linux_armv7l.whl", hash = "sha256:4ad555b8647de1ebaffb25170249f89057721ffb74f7da96834a07b4855bb46a", size = 2546852, upload-time = "2025-10-21T16:25:15.024Z" },
    { url = "https://files.pythonhosted.org/packages/4c/07/935cfbb7dccd602723482a86d43fbd992f91e9867bca0056a1e9f348473e/grpcio_tools-1.76.0-cp312-cp312-macosx_11_0_universal2.whl", hash = "sha256:243af7c8fc7ff22a40a42eb8e0f6f66963c1920b75aae2a2ec503a9c3c8b31c1", size = 5841777, upload-time = "2025-10-21T16:25:17.425Z" },
    { url = "https://files.pythonhosted.org/packages/e4/92/8fcb5acebdccb647e0fa3f002576480459f6cf81e79692d7b3c4d6e29605/grpcio_tools-1.76.0-cp312-cp312-manylinux2014_aarch64.manylinux_2_17_aarch64.whl", hash = "sha256:8207b890f423142cc0025d041fb058f7286318df6a049565c27869d73534228b", size = 2594004, upload-time = "2025-10-21T16:25:19.809Z" },
    { url = "https://files.pythonhosted.org/packages/9d/ea/64838e8113b7bfd4842b15c815a7354cb63242fdce9d6648d894b5d50897/grpcio_tools-1.76.0-cp312-cp312-manylinux2014_i686.manylinux_2_17_i686.whl", hash = "sha256:3dafa34c2626a6691d103877e8a145f54c34cf6530975f695b396ed2fc5c98f8", size = 2905563, upload-time = "2025-10-21T16:25:21.889Z" },
    { url = "https://files.pythonhosted.org/packages/a6/d6/53798827d821098219e58518b6db52161ce4985620850aa74ce3795da8a7/grpcio_tools-1.76.0-cp312-cp312-manylinux2014_x86_64.manylinux_2_17_x86_64.whl", hash = "sha256:30f1d2dda6ece285b3d9084e94f66fa721ebdba14ae76b2bc4c581c8a166535c", size = 2656936, upload-time = "2025-10-21T16:25:24.369Z" },
    { url = "https://files.pythonhosted.org/packages/89/a3/d9c1cefc46a790eec520fe4e70e87279abb01a58b1a3b74cf93f62b824a2/grpcio_tools-1.76.0-cp312-cp312-musllinux_1_2_aarch64.whl", hash = "sha256:a889af059dc6dbb82d7b417aa581601316e364fe12eb54c1b8d95311ea50916d", size = 3109811, upload-time = "2025-10-21T16:25:26.711Z" },
    { url = "https://files.pythonhosted.org/packages/50/75/5997752644b73b5d59377d333a51c8a916606df077f5a487853e37dca289/grpcio_tools-1.76.0-cp312-cp312-musllinux_1_2_i686.whl", hash = "sha256:c3f2c3c44c56eb5d479ab178f0174595d0a974c37dade442f05bb73dfec02f31", size = 3658786, upload-time = "2025-10-21T16:25:28.819Z" },
    { url = "https://files.pythonhosted.org/packages/84/47/dcf8380df4bd7931ffba32fc6adc2de635b6569ca27fdec7121733797062/grpcio_tools-1.76.0-cp312-cp312-musllinux_1_2_x86_64.whl", hash = "sha256:479ce02dff684046f909a487d452a83a96b4231f7c70a3b218a075d54e951f56", size = 3325144, upload-time = "2025-10-21T16:25:30.863Z" },
    { url = "https://files.pythonhosted.org/packages/04/88/ea3e5fdb874d8c2d04488e4b9d05056537fba70915593f0c283ac77df188/grpcio_tools-1.76.0-cp312-cp312-win32.whl", hash = "sha256:9ba4bb539936642a44418b38ee6c3e8823c037699e2cb282bd8a44d76a4be833", size = 993523, upload-time = "2025-10-21T16:25:32.594Z" },
    { url = "https://files.pythonhosted.org/packages/de/b1/ce7d59d147675ec191a55816be46bc47a343b5ff07279eef5817c09cc53e/grpcio_tools-1.76.0-cp312-cp312-win_amd64.whl", hash = "sha256:0cd489016766b05f9ed8a6b6596004b62c57d323f49593eac84add032a6d43f7", size = 1158493, upload-time = "2025-10-21T16:25:34.5Z" },
    { url = "https://files.pythonhosted.org/packages/13/01/b16fe73f129df49811d886dc99d3813a33cf4d1c6e101252b81c895e929f/grpcio_tools-1.76.0-cp313-cp313-linux_armv7l.whl", hash = "sha256:ff48969f81858397ef33a36b326f2dbe2053a48b254593785707845db73c8f44", size = 2546312, upload-time = "2025-10-21T16:25:37.138Z" },
    { url = "https://files.pythonhosted.org/packages/25/17/2594c5feb76bb0b25bfbf91ec1075b276e1b2325e4bc7ea649a7b5dbf353/grpcio_tools-1.76.0-cp313-cp313-macosx_11_0_universal2.whl", hash = "sha256:aa2f030fd0ef17926026ee8e2b700e388d3439155d145c568fa6b32693277613", size = 5839627, upload-time = "2025-10-21T16:25:40.082Z" },
    { url = "https://files.pythonhosted.org/packages/c7/c6/097b1aa26fbf72fb3cdb30138a2788529e4f10d8759de730a83f5c06726e/grpcio_tools-1.76.0-cp313-cp313-manylinux2014_aarch64.manylinux_2_17_aarch64.whl", hash = "sha256:bacbf3c54f88c38de8e28f8d9b97c90b76b105fb9ddef05d2c50df01b32b92af", size = 2592817, upload-time = "2025-10-21T16:25:42.301Z" },
    { url = "https://files.pythonhosted.org/packages/03/78/d1d985b48592a674509a85438c1a3d4c36304ddfc99d1b05d27233b51062/grpcio_tools-1.76.0-cp313-cp313-manylinux2014_i686.manylinux_2_17_i686.whl", hash = "sha256:0d4e4afe9a0e3c24fad2f1af45f98cf8700b2bfc4d790795756ba035d2ea7bdc", size = 2905186, upload-time = "2025-10-21T16:25:44.395Z" },
    { url = "https://files.pythonhosted.org/packages/b9/0e/770afbb47f0b5f594b93a7b46a95b892abda5eebe60efb511e96cee52170/grpcio_tools-1.76.0-cp313-cp313-manylinux2014_x86_64.manylinux_2_17_x86_64.whl", hash = "sha256:fbbd4e1fc5af98001ceef5e780e8c10921d94941c3809238081e73818ef707f1", size = 2656188, upload-time = "2025-10-21T16:25:46.942Z" },
    { url = "https://files.pythonhosted.org/packages/3d/2b/017c2fcf4c5d3cf00cf7d5ce21eb88521de0d89bdcf26538ad2862ec6d07/grpcio_tools-1.76.0-cp313-cp313-musllinux_1_2_aarch64.whl", hash = "sha256:b05efe5a59883ab8292d596657273a60e0c3e4f5a9723c32feb9fc3a06f2f3ef", size = 3109141, upload-time = "2025-10-21T16:25:49.137Z" },
    { url = "https://files.pythonhosted.org/packages/e9/5f/2495f88e3d50c6f2c2da2752bad4fa3a30c52ece6c9d8b0c636cd8b1430b/grpcio_tools-1.76.0-cp313-cp313-musllinux_1_2_i686.whl", hash = "sha256:be483b90e62b7892eb71fa1fc49750bee5b2ee35b5ec99dd2b32bed4bedb5d71", size = 3657892, upload-time = "2025-10-21T16:25:52.362Z" },
    { url = "https://files.pythonhosted.org/packages/5e/1d/c4f39d31b19d9baf35d900bf3f969ce1c842f63a8560c8003ed2e5474760/grpcio_tools-1.76.0-cp313-cp313-musllinux_1_2_x86_64.whl", hash = "sha256:630cd7fd3e8a63e20703a7ad816979073c2253e591b5422583c27cae2570de73", size = 3324778, upload-time = "2025-10-21T16:25:54.629Z" },
    { url = "https://files.pythonhosted.org/packages/b4/b6/35ee3a6e4af85a93da28428f81f4b29bcb36f6986b486ad71910fcc02e25/grpcio_tools-1.76.0-cp313-cp313-win32.whl", hash = "sha256:eb2567280f9f6da5444043f0e84d8408c7a10df9ba3201026b30e40ef3814736", size = 993084, upload-time = "2025-10-21T16:25:56.52Z" },
    { url = "https://files.pythonhosted.org/packages/f3/7a/5bd72344d86ee860e5920c9a7553cfe3bc7b1fce79f18c00ac2497f5799f/grpcio_tools-1.76.0-cp313-cp313-win_amd64.whl", hash = "sha256:0071b1c0bd0f5f9d292dca4efab32c92725d418e57f9c60acdc33c0172af8b53", size = 1158151, upload-time = "2025-10-21T16:25:58.468Z" },
    { url = "https://files.pythonhosted.org/packages/f0/c0/aa20eebe8f3553b7851643e9c88d237c3a6ca30ade646897e25dbb27be99/grpcio_tools-1.76.0-cp314-cp314-linux_armv7l.whl", hash = "sha256:c53c5719ef2a435997755abde3826ba4087174bd432aa721d8fac781fcea79e4", size = 2546297, upload-time = "2025-10-21T16:26:01.258Z" },
    { url = "https://files.pythonhosted.org/packages/d9/98/6af702804934443c1d0d4d27d21b990d92d22ddd1b6bec6b056558cbbffa/grpcio_tools-1.76.0-cp314-cp314-macosx_11_0_universal2.whl", hash = "sha256:e3db1300d7282264639eeee7243f5de7e6a7c0283f8bf05d66c0315b7b0f0b36", size = 5839804, upload-time = "2025-10-21T16:26:05.495Z" },
    { url = "https://files.pythonhosted.org/packages/ea/8d/7725fa7b134ef8405ffe0a37c96eeb626e5af15d70e1bdac4f8f1abf842e/grpcio_tools-1.76.0-cp314-cp314-manylinux2014_aarch64.manylinux_2_17_aarch64.whl", hash = "sha256:0b018a4b7455a7e8c16d0fdb3655a6ba6c9536da6de6c5d4f11b6bb73378165b", size = 2593922, upload-time = "2025-10-21T16:26:07.563Z" },
    { url = "https://files.pythonhosted.org/packages/de/ff/5b6b5012c79fa72f9107dc13f7226d9ce7e059ea639fd8c779e0dd284386/grpcio_tools-1.76.0-cp314-cp314-manylinux2014_i686.manylinux_2_17_i686.whl", hash = "sha256:ec6e4de3866e47cfde56607b1fae83ecc5aa546e06dec53de11f88063f4b5275", size = 2905327, upload-time = "2025-10-21T16:26:09.668Z" },
    { url = "https://files.pythonhosted.org/packages/24/01/2691d369ea462cd6b6c92544122885ca01f7fa5ac75dee023e975e675858/grpcio_tools-1.76.0-cp314-cp314-manylinux2014_x86_64.manylinux_2_17_x86_64.whl", hash = "sha256:b8da4d828883913f1852bdd67383713ae5c11842f6c70f93f31893eab530aead", size = 2656214, upload-time = "2025-10-21T16:26:11.773Z" },
    { url = "https://files.pythonhosted.org/packages/6a/e7/3f8856e6ec3dd492336a91572993344966f237b0e3819fbe96437b19d313/grpcio_tools-1.76.0-cp314-cp314-musllinux_1_2_aarch64.whl", hash = "sha256:5c120c2cf4443121800e7f9bcfe2e94519fa25f3bb0b9882359dd3b252c78a7b", size = 3109889, upload-time = "2025-10-21T16:26:15.058Z" },
    { url = "https://files.pythonhosted.org/packages/f3/e4/ce5248072e47db276dc7e069e93978dcde490c959788ce7cce8081d0bfdc/grpcio_tools-1.76.0-cp314-cp314-musllinux_1_2_i686.whl", hash = "sha256:8b7df5591d699cd9076065f1f15049e9c3597e0771bea51c8c97790caf5e4197", size = 3657939, upload-time = "2025-10-21T16:26:17.34Z" },
    { url = "https://files.pythonhosted.org/packages/f6/df/81ff88af93c52135e425cd5ec9fe8b186169c7d5f9e0409bdf2bbedc3919/grpcio_tools-1.76.0-cp314-cp314-musllinux_1_2_x86_64.whl", hash = "sha256:a25048c5f984d33e3f5b6ad7618e98736542461213ade1bd6f2fcfe8ce804e3d", size = 3324752, upload-time = "2025-10-21T16:26:20.092Z" },
    { url = "https://files.pythonhosted.org/packages/35/3d/f6b83044afbf6522254a3b509515a00fed16a819c87731a478dbdd1d35c1/grpcio_tools-1.76.0-cp314-cp314-win32.whl", hash = "sha256:4b77ce6b6c17869858cfe14681ad09ed3a8a80e960e96035de1fd87f78158740", size = 1015578, upload-time = "2025-10-21T16:26:22.517Z" },
    { url = "https://files.pythonhosted.org/packages/95/4d/31236cddb7ffb09ba4a49f4f56d2608fec3bbb21c7a0a975d93bca7cd22e/grpcio_tools-1.76.0-cp314-cp314-win_amd64.whl", hash = "sha256:2ccd2c8d041351cc29d0fc4a84529b11ee35494a700b535c1f820b642f2a72fc", size = 1190242, upload-time = "2025-10-21T16:26:25.296Z" },
]

[[package]]
name = "lief"
version = "0.17.0"
source = { registry = "https://pypi.org/simple" }
wheels = [
    { url = "https://files.pythonhosted.org/packages/c8/f4/d44336d4566348ad2f157fe56605f612ef0e133de710da15f173707d72ae/lief-0.17.0-cp312-cp312-win32.whl", hash = "sha256:38e9b4d340158f2399dc00700899606c825dc9437809e8a69133496b6ee39db8", size = 3459468, upload-time = "2025-09-14T13:53:45.418Z" },
    { url = "https://files.pythonhosted.org/packages/ac/45/2a28653d4bc46e4313741d35287046360f6ed4c8d223fea5f0c1f88f7bad/lief-0.17.0-cp312-cp312-win_amd64.whl", hash = "sha256:33820c66288d447772153c7c9cab356cbb693b5ea0f87bb49e682aa919e08830", size = 3637539, upload-time = "2025-09-14T13:53:46.979Z" },
    { url = "https://files.pythonhosted.org/packages/f6/f9/e19c9b2b196488282e1f4c0acf5d06e63617df6a01898c0dcdb7a5702dfd/lief-0.17.0-cp312-cp312-win_arm64.whl", hash = "sha256:7198558b3f1803e361a38fc26142d60f3d24b08d9b1811a046ced3ed0fa233b9", size = 3473084, upload-time = "2025-09-14T13:53:52.572Z" },
    { url = "https://files.pythonhosted.org/packages/29/8d/6001295abca3535099cfd328302129551678a8ce8deeda39e83a95b07762/lief-0.17.0-cp313-cp313-win32.whl", hash = "sha256:340155975e25ed68f39fb43b0023cb8571f3171da1b3e6fa7a40441c4e547208", size = 3459310, upload-time = "2025-09-14T13:54:17.975Z" },
    { url = "https://files.pythonhosted.org/packages/ff/ad/deb8f595f04610f9daa747784b278e12c3b0cc99cc46135db6ffb61cd651/lief-0.17.0-cp313-cp313-win_amd64.whl", hash = "sha256:467b25c857239271077c5ac9d97d8c1fb0282ce84096f2518ef03c244660ef10", size = 3637564, upload-time = "2025-09-14T13:54:19.713Z" },
    { url = "https://files.pythonhosted.org/packages/bf/33/84bf9a0b3e5eae0867cd5fc850e39e1bae25c6de1e851654eec5ef405342/lief-0.17.0-cp313-cp313-win_arm64.whl", hash = "sha256:112773fb27ba0ccf1abfd62e5e7e9ca8332d46990304c8286613e22c6ab0f5e4", size = 3472711, upload-time = "2025-09-14T13:54:21.829Z" },
    { url = "https://files.pythonhosted.org/packages/45/f4/8add3bf42623e8986bbf5733d4152ab7ded704a6b7f3fb694559a528ad77/lief-0.17.0-cp314-cp314-win32.whl", hash = "sha256:dc6567e75247bf3dd0db14b8b2b6d9423a3790244a9c6cbf38c7391344e56179", size = 3459612, upload-time = "2025-09-14T13:54:36.745Z" },
    { url = "https://files.pythonhosted.org/packages/91/0a/fb51f64c1a34594a17af3c6e1d267a4a697ddc6f9fbb3c36b88b9b5d73a4/lief-0.17.0-cp314-cp314-win_amd64.whl", hash = "sha256:e543273dcd52dfe48f08a1a0f32eb2ee24601485cf82de7b7d54a1e56d8aa6c7", size = 3637781, upload-time = "2025-09-14T13:54:38.441Z" },
]

[[package]]
name = "mac-alias"
version = "2.2.2"
source = { registry = "https://pypi.org/simple" }
sdist = { url = "https://files.pythonhosted.org/packages/ea/a3/83b50f620d318a98363dc7e701fb94856eaaecc472e23a89ac625697b3ea/mac_alias-2.2.2.tar.gz", hash = "sha256:c99c728eb512e955c11f1a6203a0ffa8883b26549e8afe68804031aa5da856b7", size = 34073, upload-time = "2022-12-06T00:37:47.779Z" }
wheels = [
    { url = "https://files.pythonhosted.org/packages/39/a1/4136777ed6a56df83e7c748ad28892f0672cbbcdc3b3d15a57df6ba72443/mac_alias-2.2.2-py3-none-any.whl", hash = "sha256:504ab8ac546f35bbd75ad014d6ad977c426660aa721f2cd3acf3dc2f664141bd", size = 21220, upload-time = "2022-12-06T00:37:46.025Z" },
]

[[package]]
name = "micron-template"
version = "0.1.0"
source = { virtual = "." }
dependencies = [
    { name = "fire" },
    { name = "grpcio" },
    { name = "grpcio-tools" },
]

[package.dev-dependencies]
dev = [
    { name = "cx-freeze" },
]

[package.metadata]
requires-dist = [
    { name = "fire", specifier = ">=0.7.1" },
    { name = "grpcio", specifier = ">=1.76.0" },
    { name = "grpcio-tools", specifier = ">=1.76.0" },
]

[package.metadata.requires-dev]
dev = [{ name = "cx-freeze", specifier = ">=8.4.1" }]

[[package]]
name = "packaging"
version = "25.0"
source = { registry = "https://pypi.org/simple" }
sdist = { url = "https://files.pythonhosted.org/packages/a1/d4/1fc4078c65507b51b96ca8f8c3ba19e6a61c8253c72794544580a7b6c24d/packaging-25.0.tar.gz", hash = "sha256:d443872c98d677bf60f6a1f2f8c1cb748e8fe762d2bf9d3148b5599295b0fc4f", size = 165727, upload-time = "2025-04-19T11:48:59.673Z" }
wheels = [
    { url = "https://files.pythonhosted.org/packages/20/12/38679034af332785aac8774540895e234f4d07f7545804097de4b666afd8/packaging-25.0-py3-none-any.whl", hash = "sha256:29572ef2b1f17581046b3a2227d5c611fb25ec70ca1ba8554b24b0e69331a484", size = 66469, upload-time = "2025-04-19T11:48:57.875Z" },
]

[[package]]
name = "patchelf"
version = "0.17.2.4"
source = { registry = "https://pypi.org/simple" }
sdist = { url = "https://files.pythonhosted.org/packages/2c/a3/fdd3fa938c864aa2f11dd0b7f08befeda983d2dcdee44da493c6977a653f/patchelf-0.17.2.4.tar.gz", hash = "sha256:970ee5cd8af33e5ea2099510b2f9013fa1b8d5cd763bf3fd3961281c18101a09", size = 149629, upload-time = "2025-07-23T21:16:32.071Z" }
wheels = [
    { url = "https://files.pythonhosted.org/packages/0b/6d/2e9f5483cdb352fab36b8076667b062b2d79cb09d2e3fd09b6fca5771cb6/patchelf-0.17.2.4-py3-none-manylinux1_i686.manylinux_2_5_i686.musllinux_1_1_i686.whl", hash = "sha256:09fd848d625a165fc7b7e07745508c24077129b019c4415a882938781d43adf8", size = 547318, upload-time = "2025-07-23T21:16:22.135Z" },
    { url = "https://files.pythonhosted.org/packages/7e/19/f7821ef31aab01fa7dc8ebe697ece88ec4f7a0fdd3155dab2dfee4b00e5c/patchelf-0.17.2.4-py3-none-manylinux1_x86_64.manylinux_2_5_x86_64.musllinux_1_1_x86_64.whl", hash = "sha256:d9b35ebfada70c02679ad036407d9724ffe1255122ba4ac5e4be5868618a5689", size = 482846, upload-time = "2025-07-23T21:16:23.73Z" },
    { url = "https://files.pythonhosted.org/packages/d1/50/107fea848ecfd851d473b079cab79107487d72c4c3cdb25b9d2603a24ca2/patchelf-0.17.2.4-py3-none-manylinux2014_aarch64.manylinux_2_17_aarch64.musllinux_1_1_aarch64.whl", hash = "sha256:2931a1b5b85f3549661898af7bf746afbda7903c7c9a967cfc998a3563f84fad", size = 477811, upload-time = "2025-07-23T21:16:25.145Z" },
    { url = "https://files.pythonhosted.org/packages/89/a9/a9a2103e159fd65bffbc21ecc5c8c36e44eb34fe53b4ef85fb6d08c2a635/patchelf-0.17.2.4-py3-none-manylinux2014_armv7l.manylinux_2_17_armv7l.musllinux_1_1_armv7l.whl", hash = "sha256:ae44cb3c857d50f54b99e5697aa978726ada33a8a6129d4b8b7ffd28b996652d", size = 431226, upload-time = "2025-07-23T21:16:26.765Z" },
    { url = "https://files.pythonhosted.org/packages/87/93/897d612f6df7cfd987bdf668425127efeff8d8e4ad8bfbab1c69d2a0d861/patchelf-0.17.2.4-py3-none-manylinux2014_ppc64le.manylinux_2_17_ppc64le.musllinux_1_1_ppc64le.whl", hash = "sha256:680a266a70f60a7a4f4c448482c5bdba80cc8e6bb155a49dcc24238ba49927b0", size = 540276, upload-time = "2025-07-23T21:16:27.983Z" },
    { url = "https://files.pythonhosted.org/packages/5d/b8/2b92d11533482bac9ee989081d6880845287751b5f528adbd6bb27667fbd/patchelf-0.17.2.4-py3-none-manylinux2014_s390x.manylinux_2_17_s390x.musllinux_1_1_s390x.whl", hash = "sha256:d842b51f0401460f3b1f3a3a67d2c266a8f515a5adfbfa6e7b656cb3ac2ed8bc", size = 596632, upload-time = "2025-07-23T21:16:29.253Z" },
    { url = "https://files.pythonhosted.org/packages/14/e2/975d4bdb418f942b53e6187b95bd9e0d5e0488b7bc214685a1e43e2c2751/patchelf-0.17.2.4-py3-none-manylinux_2_31_riscv64.musllinux_1_1_riscv64.whl", hash = "sha256:7076d9e127230982e20a81a6e2358d3343004667ba510d9f822d4fdee29b0d71", size = 508281, upload-time = "2025-07-23T21:16:30.865Z" },
]

[[package]]
name = "protobuf"
version = "6.33.0"
source = { registry = "https://pypi.org/simple" }
sdist = { url = "https://files.pythonhosted.org/packages/19/ff/64a6c8f420818bb873713988ca5492cba3a7946be57e027ac63495157d97/protobuf-6.33.0.tar.gz", hash = "sha256:140303d5c8d2037730c548f8c7b93b20bb1dc301be280c378b82b8894589c954", size = 443463, upload-time = "2025-10-15T20:39:52.159Z" }
wheels = [
    { url = "https://files.pythonhosted.org/packages/7e/ee/52b3fa8feb6db4a833dfea4943e175ce645144532e8a90f72571ad85df4e/protobuf-6.33.0-cp310-abi3-win32.whl", hash = "sha256:d6101ded078042a8f17959eccd9236fb7a9ca20d3b0098bbcb91533a5680d035", size = 425593, upload-time = "2025-10-15T20:39:40.29Z" },
    { url = "https://files.pythonhosted.org/packages/7b/c6/7a465f1825872c55e0341ff4a80198743f73b69ce5d43ab18043699d1d81/protobuf-6.33.0-cp310-abi3-win_amd64.whl", hash = "sha256:9a031d10f703f03768f2743a1c403af050b6ae1f3480e9c140f39c45f81b13ee", size = 436882, upload-time = "2025-10-15T20:39:42.841Z" },
    { url = "https://files.pythonhosted.org/packages/e1/a9/b6eee662a6951b9c3640e8e452ab3e09f117d99fc10baa32d1581a0d4099/protobuf-6.33.0-cp39-abi3-macosx_10_9_universal2.whl", hash = "sha256:905b07a65f1a4b72412314082c7dbfae91a9e8b68a0cc1577515f8df58ecf455", size = 427521, upload-time = "2025-10-15T20:39:43.803Z" },
    { url = "https://files.pythonhosted.org/packages/10/35/16d31e0f92c6d2f0e77c2a3ba93185130ea13053dd16200a57434c882f2b/protobuf-6.33.0-cp39-abi3-manylinux2014_aarch64.whl", hash = "sha256:e0697ece353e6239b90ee43a9231318302ad8353c70e6e45499fa52396debf90", size = 324445, upload-time = "2025-10-15T20:39:44.932Z" },
    { url = "https://files.pythonhosted.org/packages/e6/eb/2a981a13e35cda8b75b5585aaffae2eb904f8f351bdd3870769692acbd8a/protobuf-6.33.0-cp39-abi3-manylinux2014_s390x.whl", hash = "sha256:e0a1715e4f27355afd9570f3ea369735afc853a6c3951a6afe1f80d8569ad298", size = 339159, upload-time = "2025-10-15T20:39:46.186Z" },
    { url = "https://files.pythonhosted.org/packages/21/51/0b1cbad62074439b867b4e04cc09b93f6699d78fd191bed2bbb44562e077/protobuf-6.33.0-cp39-abi3-manylinux2014_x86_64.whl", hash = "sha256:35be49fd3f4fefa4e6e2aacc35e8b837d6703c37a2168a55ac21e9b1bc7559ef", size = 323172, upload-time = "2025-10-15T20:39:47.465Z" },
    { url = "https://files.pythonhosted.org/packages/07/d1/0a28c21707807c6aacd5dc9c3704b2aa1effbf37adebd8caeaf68b17a636/protobuf-6.33.0-py3-none-any.whl", hash = "sha256:25c9e1963c6734448ea2d308cfa610e692b801304ba0908d7bfa564ac5132995", size = 170477, upload-time = "2025-10-15T20:39:51.311Z" },
]

[[package]]
name = "setuptools"
version = "80.9.0"
source = { registry = "https://pypi.org/simple" }
sdist = { url = "https://files.pythonhosted.org/packages/18/5d/3bf57dcd21979b887f014ea83c24ae194cfcd12b9e0fda66b957c69d1fca/setuptools-80.9.0.tar.gz", hash = "sha256:f36b47402ecde768dbfafc46e8e4207b4360c654f1f3bb84475f0a28628fb19c", size = 1319958, upload-time = "2025-05-27T00:56:51.443Z" }
wheels = [
    { url = "https://files.pythonhosted.org/packages/a3/dc/17031897dae0efacfea57dfd3a82fdd2a2aeb58e0ff71b77b87e44edc772/setuptools-80.9.0-py3-none-any.whl", hash = "sha256:062d34222ad13e0cc312a4c02d73f059e86a4acbfbdea8f8f76b28c99f306922", size = 1201486, upload-time = "2025-05-27T00:56:49.664Z" },
]

[[package]]
name = "striprtf"
version = "0.0.29"
source = { registry = "https://pypi.org/simple" }
sdist = { url = "https://files.pythonhosted.org/packages/f3/86/7154b7c625a3ff704581dab70c05389e1de90233b7a751f79f712c2ca0e9/striprtf-0.0.29.tar.gz", hash = "sha256:5a822d075e17417934ed3add6fc79b5fc8fb544fe4370b2f894cdd28f0ddd78e", size = 7533, upload-time = "2025-03-27T22:55:56.874Z" }
wheels = [
    { url = "https://files.pythonhosted.org/packages/08/3e/1418afacc4aae04690cff282078f22620c89a99490499878ececc3021654/striprtf-0.0.29-py3-none-any.whl", hash = "sha256:0fc6a41999d015358d19627776b616424dd501ad698105c81d76734d1e14d91b", size = 7879, upload-time = "2025-03-27T22:55:55.977Z" },
]

[[package]]
name = "termcolor"
version = "3.2.0"
source = { registry = "https://pypi.org/simple" }
sdist = { url = "https://files.pythonhosted.org/packages/87/56/ab275c2b56a5e2342568838f0d5e3e66a32354adcc159b495e374cda43f5/termcolor-3.2.0.tar.gz", hash = "sha256:610e6456feec42c4bcd28934a8c87a06c3fa28b01561d46aa09a9881b8622c58", size = 14423, upload-time = "2025-10-25T19:11:42.586Z" }
wheels = [
    { url = "https://files.pythonhosted.org/packages/f9/d5/141f53d7c1eb2a80e6d3e9a390228c3222c27705cbe7f048d3623053f3ca/termcolor-3.2.0-py3-none-any.whl", hash = "sha256:a10343879eba4da819353c55cb8049b0933890c2ebf9ad5d3ecd2bb32ea96ea6", size = 7698, upload-time = "2025-10-25T19:11:41.536Z" },
]

[[package]]
name = "typing-extensions"
version = "4.15.0"
source = { registry = "https://pypi.org/simple" }
sdist = { url = "https://files.pythonhosted.org/packages/72/94/1a15dd82efb362ac84269196e94cf00f187f7ed21c242792a923cdb1c61f/typing_extensions-4.15.0.tar.gz", hash = "sha256:0cea48d173cc12fa28ecabc3b837ea3cf6f38c6d1136f85cbaaf598984861466", size = 109391, upload-time = "2025-08-25T13:49:26.313Z" }
wheels = [
    { url = "https://files.pythonhosted.org/packages/18/67/36e9267722cc04a6b9f15c7f3441c2363321a3ea07da7ae0c0707beb2a9c/typing_extensions-4.15.0-py3-none-any.whl", hash = "sha256:f0fa19c6845758ab08074a0cfa8b7aecb71c999ca73d62883bc25cc018c4e548", size = 44614, upload-time = "2025-08-25T13:49:24.86Z" },
]
